
Microsoft Visual Studio Solution File, Format Version 12.00
# Visual Studio Version 16
VisualStudioVersion = 16.0.30128.74
MinimumVisualStudioVersion = 10.0.40219.1
Project("{FAE04EC0-301F-11D3-BF4B-00C04F79EFBC}") = "HashMe", "HashMe\HashMe.csproj", "{B3162379-4BFE-43A7-9FB9-1FBBEBC1739F}"
EndProject
Global
	GlobalSection(SolutionConfigurationPlatforms) = preSolution
		Debug|Any CPU = Debug|Any CPU
		Release|Any CPU = Release|Any CPU
	EndGlobalSection
	GlobalSection(ProjectConfigurationPlatforms) = postSolution
		{B3162379-4BFE-43A7-9FB9-1FBBEBC1739F}.Debug|Any CPU.ActiveCfg = Debug|Any CPU
		{B3162379-4BFE-43A7-9FB9-1FBBEBC1739F}.Debug|Any CPU.Build.0 = Debug|Any CPU
		{B3162379-4BFE-43A7-9FB9-1FBBEBC1739F}.Release|Any CPU.ActiveCfg = Release|Any CPU
		{B3162379-4BFE-43A7-9FB9-1FBBEBC1739F}.Release|Any CPU.Build.0 = Release|Any CPU
	EndGlobalSection
	GlobalSection(SolutionProperties) = preSolution
		HideSolutionNode = FALSE
	EndGlobalSection
	GlobalSection(ExtensibilityGlobals) = postSolution
		SolutionGuid = {60F6EE06-CEDA-4832-8188-1D75FA5E0EB3}
	EndGlobalSection
EndGlobal
